
Microsoft Visual Studio Solution File, Format Version 12.00
# Visual Studio Version 16
VisualStudioVersion = 16.0.31729.503
MinimumVisualStudioVersion = 10.0.40219.1
Project("{8BC9CEB8-8B4A-11D0-8D11-00A0C91BC942}") = "YetAnotherTankGame", "YetAnotherTankGame\YetAnotherTankGame.vcxproj", "{140DB22F-E437-45F2-A60E-79355A346E5A}"
EndProject
Global
	GlobalSection(SolutionConfigurationPlatforms) = preSolution
		Debug|x64 = Debug|x64
		Release|x64 = Release|x64
	EndGlobalSection
	GlobalSection(ProjectConfigurationPlatforms) = postSolution
		{140DB22F-E437-45F2-A60E-79355A346E5A}.Debug|x64.ActiveCfg = Debug|x64
		{140DB22F-E437-45F2-A60E-79355A346E5A}.Debug|x64.Build.0 = Debug|x64
		{140DB22F-E437-45F2-A60E-79355A346E5A}.Release|x64.ActiveCfg = Release|x64
		{140DB22F-E437-45F2-A60E-79355A346E5A}.Release|x64.Build.0 = Release|x64
	EndGlobalSection
	GlobalSection(SolutionProperties) = preSolution
		HideSolutionNode = FALSE
	EndGlobalSection
	GlobalSection(ExtensibilityGlobals) = postSolution
		SolutionGuid = {4D28CF1E-5AF1-4C15-833F-1D7679C960C4}
	EndGlobalSection
EndGlobal
