<?xml version="1.0" encoding="utf-8"?>
<Project ToolsVersion="4.0" xmlns="http://schemas.microsoft.com/developer/msbuild/2003">
  <ItemGroup>
    <Filter Include="Source Files">
      <UniqueIdentifier>{4FC737F1-C7A5-4376-A066-2A32D752A2FF}</UniqueIdentifier>
      <Extensions>cpp;c;cc;cxx;c++;cppm;ixx;def;odl;idl;hpj;bat;asm;asmx</Extensions>
    </Filter>
    <Filter Include="Header Files">
      <UniqueIdentifier>{93995380-89BD-4b04-88EB-625FBE52EBFB}</UniqueIdentifier>
      <Extensions>h;hh;hpp;hxx;h++;hm;inl;inc;ipp;xsd</Extensions>
    </Filter>
    <Filter Include="Resource Files">
      <UniqueIdentifier>{67DA6AB6-F800-4c08-8B7A-83BB121AAD01}</UniqueIdentifier>
      <Extensions>rc;ico;cur;bmp;dlg;rc2;rct;bin;rgs;gif;jpg;jpeg;jpe;resx;tiff;tif;png;wav;mfcribbon-ms</Extensions>
    </Filter>
    <Filter Include="Header Files\External">
      <UniqueIdentifier>{19233aca-e83a-4165-aa30-1c3d40eeb491}</UniqueIdentifier>
    </Filter>
    <Filter Include="Source Files\External">
      <UniqueIdentifier>{1585eef6-e75d-4535-9b30-809c9c37cb5d}</UniqueIdentifier>
    </Filter>
  </ItemGroup>
  <ItemGroup>
    <ClCompile Include="Main.cpp">
      <Filter>Source Files</Filter>
    </ClCompile>
    <ClCompile Include="TextFileWriter.cpp">
      <Filter>Source Files</Filter>
    </ClCompile>
    <ClCompile Include="FileSystem.cpp">
      <Filter>Source Files</Filter>
    </ClCompile>
    <ClCompile Include="Messages.cpp">
      <Filter>Source Files</Filter>
    </ClCompile>
    <ClCompile Include="TileMapCreator.cpp">
      <Filter>Source Files</Filter>
    </ClCompile>
    <ClCompile Include="..\YetAnotherTankGame\Functions.cpp">
      <Filter>Source Files\External</Filter>
    </ClCompile>
    <ClCompile Include="..\YetAnotherTankGame\Image.cpp">
      <Filter>Source Files\External</Filter>
    </ClCompile>
    <ClCompile Include="..\YetAnotherTankGame\ImageArray.cpp">
      <Filter>Source Files\External</Filter>
    </ClCompile>
    <ClCompile Include="..\YetAnotherTankGame\Tilemap.cpp">
      <Filter>Source Files\External</Filter>
    </ClCompile>
    <ClCompile Include="..\YetAnotherTankGame\Logging.cpp">
      <Filter>Source Files\External</Filter>
    </ClCompile>
    <ClCompile Include="..\YetAnotherTankGame\Memory.cpp">
      <Filter>Source Files\External</Filter>
    </ClCompile>
    <ClCompile Include="..\YetAnotherTankGame\Settings.cpp">
      <Filter>Source Files\External</Filter>
    </ClCompile>
    <ClCompile Include="..\YetAnotherTankGame\Window.cpp">
      <Filter>Source Files\External</Filter>
    </ClCompile>
    <ClCompile Include="..\YetAnotherTankGame\Const.cpp">
      <Filter>Source Files\External</Filter>
    </ClCompile>
    <ClCompile Include="..\YetAnotherTankGame\Tanks.cpp">
      <Filter>Source Files\External</Filter>
    </ClCompile>
    <ClCompile Include="TankBuilder.cpp">
      <Filter>Source Files</Filter>
    </ClCompile>
  </ItemGroup>
  <ItemGroup>
    <ClInclude Include="TextFileWriter.h">
      <Filter>Header Files</Filter>
    </ClInclude>
    <ClInclude Include="FileSystem.h">
      <Filter>Header Files</Filter>
    </ClInclude>
    <ClInclude Include="Const.h">
      <Filter>Header Files</Filter>
    </ClInclude>
    <ClInclude Include="Messages.h">
      <Filter>Header Files</Filter>
    </ClInclude>
    <ClInclude Include="TileMapCreator.h">
      <Filter>Header Files</Filter>
    </ClInclude>
    <ClInclude Include="..\YetAnotherTankGame\Dim2D.h">
      <Filter>Header Files\External</Filter>
    </ClInclude>
    <ClInclude Include="..\YetAnotherTankGame\Point2D.h">
      <Filter>Header Files\External</Filter>
    </ClInclude>
    <ClInclude Include="..\YetAnotherTankGame\Typedefs.h">
      <Filter>Header Files\External</Filter>
    </ClInclude>
    <ClInclude Include="..\YetAnotherTankGame\Vector2D.h">
      <Filter>Header Files\External</Filter>
    </ClInclude>
    <ClInclude Include="..\YetAnotherTankGame\Functions.h">
      <Filter>Header Files\External</Filter>
    </ClInclude>
    <ClInclude Include="..\YetAnotherTankGame\Image.h">
      <Filter>Header Files\External</Filter>
    </ClInclude>
    <ClInclude Include="..\YetAnotherTankGame\ImageArray.h">
      <Filter>Header Files\External</Filter>
    </ClInclude>
    <ClInclude Include="..\YetAnotherTankGame\Tilemap.h">
      <Filter>Header Files\External</Filter>
    </ClInclude>
    <ClInclude Include="..\YetAnotherTankGame\Logging.h">
      <Filter>Header Files\External</Filter>
    </ClInclude>
    <ClInclude Include="..\YetAnotherTankGame\Memory.h">
      <Filter>Header Files\External</Filter>
    </ClInclude>
    <ClInclude Include="..\YetAnotherTankGame\Settings.h">
      <Filter>Header Files\External</Filter>
    </ClInclude>
    <ClInclude Include="..\YetAnotherTankGame\Window.h">
      <Filter>Header Files\External</Filter>
    </ClInclude>
    <ClInclude Include="..\YetAnotherTankGame\Const.h">
      <Filter>Header Files\External</Filter>
    </ClInclude>
    <ClInclude Include="..\YetAnotherTankGame\Tanks.h">
      <Filter>Header Files\External</Filter>
    </ClInclude>
    <ClInclude Include="TankBuilder.h">
      <Filter>Header Files</Filter>
    </ClInclude>
  </ItemGroup>
</Project>